
Microsoft Visual Studio Solution File, Format Version 12.00
# Visual Studio Version 17
VisualStudioVersion = 17.12.35527.113 d17.12
MinimumVisualStudioVersion = 10.0.40219.1
Project("{FAE04EC0-301F-11D3-BF4B-00C04F79EFBC}") = "SudokuSolver", "SudokuSolver\SudokuSolver.csproj", "{F568432C-2BD5-4EFE-BCD0-0811495DE4B9}"
EndProject
Project("{FAE04EC0-301F-11D3-BF4B-00C04F79EFBC}") = "SudokuSolver.Tests", "SudokuSolver.Tests\SudokuSolver.Tests.csproj", "{2ADBD642-EB4F-41E9-9DF5-90164A4E6DD2}"
EndProject
Global
	GlobalSection(SolutionConfigurationPlatforms) = preSolution
		Debug|Any CPU = Debug|Any CPU
		Release|Any CPU = Release|Any CPU
	EndGlobalSection
	GlobalSection(ProjectConfigurationPlatforms) = postSolution
		{F568432C-2BD5-4EFE-BCD0-0811495DE4B9}.Debug|Any CPU.ActiveCfg = Debug|Any CPU
		{F568432C-2BD5-4EFE-BCD0-0811495DE4B9}.Debug|Any CPU.Build.0 = Debug|Any CPU
		{F568432C-2BD5-4EFE-BCD0-0811495DE4B9}.Release|Any CPU.ActiveCfg = Release|Any CPU
		{F568432C-2BD5-4EFE-BCD0-0811495DE4B9}.Release|Any CPU.Build.0 = Release|Any CPU
		{2ADBD642-EB4F-41E9-9DF5-90164A4E6DD2}.Debug|Any CPU.ActiveCfg = Debug|Any CPU
		{2ADBD642-EB4F-41E9-9DF5-90164A4E6DD2}.Debug|Any CPU.Build.0 = Debug|Any CPU
		{2ADBD642-EB4F-41E9-9DF5-90164A4E6DD2}.Release|Any CPU.ActiveCfg = Release|Any CPU
		{2ADBD642-EB4F-41E9-9DF5-90164A4E6DD2}.Release|Any CPU.Build.0 = Release|Any CPU
	EndGlobalSection
	GlobalSection(SolutionProperties) = preSolution
		HideSolutionNode = FALSE
	EndGlobalSection
EndGlobal
